
Microsoft Visual Studio Solution File, Format Version 12.00
# Visual Studio Version 17
VisualStudioVersion = 17.0.31903.59
MinimumVisualStudioVersion = 10.0.40219.1
Project("{FAE04EC0-301F-11D3-BF4B-00C04F79EFBC}") = "MetaReport", "MetaReport.csproj", "{A84F0905-5797-4AC2-A219-CCEAEEF8EB68}"
EndProject
Project("{FAE04EC0-301F-11D3-BF4B-00C04F79EFBC}") = "MetaReport.Tests", "MetaReport.Tests\MetaReport.Tests.csproj", "{6414E7E3-0D1F-4A68-9C69-D13E8D5E1662}"
EndProject
Global
	GlobalSection(SolutionConfigurationPlatforms) = preSolution
		Debug|Any CPU = Debug|Any CPU
		Debug|x64 = Debug|x64
		Debug|x86 = Debug|x86
		Release|Any CPU = Release|Any CPU
		Release|x64 = Release|x64
		Release|x86 = Release|x86
	EndGlobalSection
	GlobalSection(ProjectConfigurationPlatforms) = postSolution
		{A84F0905-5797-4AC2-A219-CCEAEEF8EB68}.Debug|Any CPU.ActiveCfg = Debug|Any CPU
		{A84F0905-5797-4AC2-A219-CCEAEEF8EB68}.Debug|Any CPU.Build.0 = Debug|Any CPU
		{A84F0905-5797-4AC2-A219-CCEAEEF8EB68}.Debug|x64.ActiveCfg = Debug|Any CPU
		{A84F0905-5797-4AC2-A219-CCEAEEF8EB68}.Debug|x64.Build.0 = Debug|Any CPU
		{A84F0905-5797-4AC2-A219-CCEAEEF8EB68}.Debug|x86.ActiveCfg = Debug|Any CPU
		{A84F0905-5797-4AC2-A219-CCEAEEF8EB68}.Debug|x86.Build.0 = Debug|Any CPU
		{A84F0905-5797-4AC2-A219-CCEAEEF8EB68}.Release|Any CPU.ActiveCfg = Release|Any CPU
		{A84F0905-5797-4AC2-A219-CCEAEEF8EB68}.Release|Any CPU.Build.0 = Release|Any CPU
		{A84F0905-5797-4AC2-A219-CCEAEEF8EB68}.Release|x64.ActiveCfg = Release|Any CPU
		{A84F0905-5797-4AC2-A219-CCEAEEF8EB68}.Release|x64.Build.0 = Release|Any CPU
		{A84F0905-5797-4AC2-A219-CCEAEEF8EB68}.Release|x86.ActiveCfg = Release|Any CPU
		{A84F0905-5797-4AC2-A219-CCEAEEF8EB68}.Release|x86.Build.0 = Release|Any CPU
		{6414E7E3-0D1F-4A68-9C69-D13E8D5E1662}.Debug|Any CPU.ActiveCfg = Debug|Any CPU
		{6414E7E3-0D1F-4A68-9C69-D13E8D5E1662}.Debug|Any CPU.Build.0 = Debug|Any CPU
		{6414E7E3-0D1F-4A68-9C69-D13E8D5E1662}.Debug|x64.ActiveCfg = Debug|Any CPU
		{6414E7E3-0D1F-4A68-9C69-D13E8D5E1662}.Debug|x64.Build.0 = Debug|Any CPU
		{6414E7E3-0D1F-4A68-9C69-D13E8D5E1662}.Debug|x86.ActiveCfg = Debug|Any CPU
		{6414E7E3-0D1F-4A68-9C69-D13E8D5E1662}.Debug|x86.Build.0 = Debug|Any CPU
		{6414E7E3-0D1F-4A68-9C69-D13E8D5E1662}.Release|Any CPU.ActiveCfg = Release|Any CPU
		{6414E7E3-0D1F-4A68-9C69-D13E8D5E1662}.Release|Any CPU.Build.0 = Release|Any CPU
		{6414E7E3-0D1F-4A68-9C69-D13E8D5E1662}.Release|x64.ActiveCfg = Release|Any CPU
		{6414E7E3-0D1F-4A68-9C69-D13E8D5E1662}.Release|x64.Build.0 = Release|Any CPU
		{6414E7E3-0D1F-4A68-9C69-D13E8D5E1662}.Release|x86.ActiveCfg = Release|Any CPU
		{6414E7E3-0D1F-4A68-9C69-D13E8D5E1662}.Release|x86.Build.0 = Release|Any CPU
	EndGlobalSection
	GlobalSection(SolutionProperties) = preSolution
		HideSolutionNode = FALSE
	EndGlobalSection
EndGlobal
